
Microsoft Visual Studio Solution File, Format Version 12.00
# Visual Studio Version 17
VisualStudioVersion = 17.10.35027.167
MinimumVisualStudioVersion = 10.0.40219.1
Project("{FAE04EC0-301F-11D3-BF4B-00C04F79EFBC}") = "ContactList", "ContactList\ContactList.csproj", "{D72E27A1-F4DE-4404-8771-2A9533EA9AFC}"
EndProject
Global
	GlobalSection(SolutionConfigurationPlatforms) = preSolution
		Debug|Any CPU = Debug|Any CPU
		Release|Any CPU = Release|Any CPU
	EndGlobalSection
	GlobalSection(ProjectConfigurationPlatforms) = postSolution
		{D72E27A1-F4DE-4404-8771-2A9533EA9AFC}.Debug|Any CPU.ActiveCfg = Debug|Any CPU
		{D72E27A1-F4DE-4404-8771-2A9533EA9AFC}.Debug|Any CPU.Build.0 = Debug|Any CPU
		{D72E27A1-F4DE-4404-8771-2A9533EA9AFC}.Release|Any CPU.ActiveCfg = Release|Any CPU
		{D72E27A1-F4DE-4404-8771-2A9533EA9AFC}.Release|Any CPU.Build.0 = Release|Any CPU
	EndGlobalSection
	GlobalSection(SolutionProperties) = preSolution
		HideSolutionNode = FALSE
	EndGlobalSection
	GlobalSection(ExtensibilityGlobals) = postSolution
		SolutionGuid = {4BC5C5FD-1D56-43DE-9485-246F725393B2}
	EndGlobalSection
EndGlobal
